
Microsoft Visual Studio Solution File, Format Version 12.00
# Visual Studio Version 16
VisualStudioVersion = 16.0.30717.126
MinimumVisualStudioVersion = 10.0.40219.1
Project("{9A19103F-16F7-4668-BE54-9A1E7A4F7556}") = "Fractal", "Fractal\Fractal.csproj", "{2FC1CBF0-9E5B-4B3C-8A0E-D0FFAF416492}"
EndProject
Project("{FAE04EC0-301F-11D3-BF4B-00C04F79EFBC}") = "FractalsLib", "..\FractalsLib\FractalsLib.csproj", "{3E204448-DFCD-4A86-8122-AB2780DE9BA7}"
EndProject
Global
	GlobalSection(SolutionConfigurationPlatforms) = preSolution
		Debug|Any CPU = Debug|Any CPU
		Release|Any CPU = Release|Any CPU
	EndGlobalSection
	GlobalSection(ProjectConfigurationPlatforms) = postSolution
		{2FC1CBF0-9E5B-4B3C-8A0E-D0FFAF416492}.Debug|Any CPU.ActiveCfg = Debug|Any CPU
		{2FC1CBF0-9E5B-4B3C-8A0E-D0FFAF416492}.Debug|Any CPU.Build.0 = Debug|Any CPU
		{2FC1CBF0-9E5B-4B3C-8A0E-D0FFAF416492}.Release|Any CPU.ActiveCfg = Release|Any CPU
		{2FC1CBF0-9E5B-4B3C-8A0E-D0FFAF416492}.Release|Any CPU.Build.0 = Release|Any CPU
		{3E204448-DFCD-4A86-8122-AB2780DE9BA7}.Debug|Any CPU.ActiveCfg = Debug|Any CPU
		{3E204448-DFCD-4A86-8122-AB2780DE9BA7}.Debug|Any CPU.Build.0 = Debug|Any CPU
		{3E204448-DFCD-4A86-8122-AB2780DE9BA7}.Release|Any CPU.ActiveCfg = Release|Any CPU
		{3E204448-DFCD-4A86-8122-AB2780DE9BA7}.Release|Any CPU.Build.0 = Release|Any CPU
	EndGlobalSection
	GlobalSection(SolutionProperties) = preSolution
		HideSolutionNode = FALSE
	EndGlobalSection
	GlobalSection(ExtensibilityGlobals) = postSolution
		SolutionGuid = {C0F72CBC-4D90-40AF-960F-8F95A3A604B0}
	EndGlobalSection
EndGlobal
